
Microsoft Visual Studio Solution File, Format Version 12.00
# Visual Studio Version 18
VisualStudioVersion = 18.5.11619.145 insiders
MinimumVisualStudioVersion = 10.0.40219.1
Project("{FAE04EC0-301F-11D3-BF4B-00C04F79EFBC}") = "API.ConferenceRoom", "API.ConferenceRoom.csproj", "{49758034-0CA6-4BC5-B867-6E3608CF3B1A}"
EndProject
Global
	GlobalSection(SolutionConfigurationPlatforms) = preSolution
		Debug|Any CPU = Debug|Any CPU
		Release|Any CPU = Release|Any CPU
	EndGlobalSection
	GlobalSection(ProjectConfigurationPlatforms) = postSolution
		{49758034-0CA6-4BC5-B867-6E3608CF3B1A}.Debug|Any CPU.ActiveCfg = Debug|Any CPU
		{49758034-0CA6-4BC5-B867-6E3608CF3B1A}.Debug|Any CPU.Build.0 = Debug|Any CPU
		{49758034-0CA6-4BC5-B867-6E3608CF3B1A}.Release|Any CPU.ActiveCfg = Release|Any CPU
		{49758034-0CA6-4BC5-B867-6E3608CF3B1A}.Release|Any CPU.Build.0 = Release|Any CPU
	EndGlobalSection
	GlobalSection(SolutionProperties) = preSolution
		HideSolutionNode = FALSE
	EndGlobalSection
	GlobalSection(ExtensibilityGlobals) = postSolution
		SolutionGuid = {D0FD7894-705C-4D56-8076-BD10412194F9}
	EndGlobalSection
EndGlobal
